
Microsoft Visual Studio Solution File, Format Version 12.00
# Visual Studio 15
VisualStudioVersion = 15.0.27428.2015
MinimumVisualStudioVersion = 10.0.40219.1
Project("{8BC9CEB8-8B4A-11D0-8D11-00A0C91BC942}") = "QInteger", "QInteger\QInteger.vcxproj", "{63677B60-EB09-4DBF-90F4-B6C432BBAF48}"
EndProject
Global
	GlobalSection(SolutionConfigurationPlatforms) = preSolution
		Debug|x64 = Debug|x64
		Debug|x86 = Debug|x86
		Release|x64 = Release|x64
		Release|x86 = Release|x86
	EndGlobalSection
	GlobalSection(ProjectConfigurationPlatforms) = postSolution
		{63677B60-EB09-4DBF-90F4-B6C432BBAF48}.Debug|x64.ActiveCfg = Debug|x64
		{63677B60-EB09-4DBF-90F4-B6C432BBAF48}.Debug|x64.Build.0 = Debug|x64
		{63677B60-EB09-4DBF-90F4-B6C432BBAF48}.Debug|x86.ActiveCfg = Debug|Win32
		{63677B60-EB09-4DBF-90F4-B6C432BBAF48}.Debug|x86.Build.0 = Debug|Win32
		{63677B60-EB09-4DBF-90F4-B6C432BBAF48}.Release|x64.ActiveCfg = Release|x64
		{63677B60-EB09-4DBF-90F4-B6C432BBAF48}.Release|x64.Build.0 = Release|x64
		{63677B60-EB09-4DBF-90F4-B6C432BBAF48}.Release|x86.ActiveCfg = Release|Win32
		{63677B60-EB09-4DBF-90F4-B6C432BBAF48}.Release|x86.Build.0 = Release|Win32
	EndGlobalSection
	GlobalSection(SolutionProperties) = preSolution
		HideSolutionNode = FALSE
	EndGlobalSection
	GlobalSection(ExtensibilityGlobals) = postSolution
		SolutionGuid = {C4033B70-9B53-4BAC-A2E6-3FA7140DF8B1}
	EndGlobalSection
EndGlobal
